
Microsoft Visual Studio Solution File, Format Version 12.00
# Visual Studio Version 17
VisualStudioVersion = 17.9.34902.65
MinimumVisualStudioVersion = 10.0.40219.1
Project("{FAE04EC0-301F-11D3-BF4B-00C04F79EFBC}") = "PORTAFOLIO", "PORTAFOLIO\PORTAFOLIO.csproj", "{242E163A-3270-4385-9A43-878F43A8E2B6}"
EndProject
Global
	GlobalSection(SolutionConfigurationPlatforms) = preSolution
		Debug|Any CPU = Debug|Any CPU
		Release|Any CPU = Release|Any CPU
	EndGlobalSection
	GlobalSection(ProjectConfigurationPlatforms) = postSolution
		{242E163A-3270-4385-9A43-878F43A8E2B6}.Debug|Any CPU.ActiveCfg = Debug|Any CPU
		{242E163A-3270-4385-9A43-878F43A8E2B6}.Debug|Any CPU.Build.0 = Debug|Any CPU
		{242E163A-3270-4385-9A43-878F43A8E2B6}.Release|Any CPU.ActiveCfg = Release|Any CPU
		{242E163A-3270-4385-9A43-878F43A8E2B6}.Release|Any CPU.Build.0 = Release|Any CPU
	EndGlobalSection
	GlobalSection(SolutionProperties) = preSolution
		HideSolutionNode = FALSE
	EndGlobalSection
	GlobalSection(ExtensibilityGlobals) = postSolution
		SolutionGuid = {F2EE1315-C9CD-4E9D-B236-FF688F5322BA}
	EndGlobalSection
EndGlobal
